
Microsoft Visual Studio Solution File, Format Version 12.00
# Visual Studio Version 17
VisualStudioVersion = 17.2.32516.85
MinimumVisualStudioVersion = 10.0.40219.1
Project("{9A19103F-16F7-4668-BE54-9A1E7A4F7556}") = "Argonautes", "Argonautes\Argonautes.csproj", "{68D26FDB-E119-49B8-A927-99D77F485F5B}"
EndProject
Global
	GlobalSection(SolutionConfigurationPlatforms) = preSolution
		Debug|Any CPU = Debug|Any CPU
		Release|Any CPU = Release|Any CPU
	EndGlobalSection
	GlobalSection(ProjectConfigurationPlatforms) = postSolution
		{68D26FDB-E119-49B8-A927-99D77F485F5B}.Debug|Any CPU.ActiveCfg = Debug|Any CPU
		{68D26FDB-E119-49B8-A927-99D77F485F5B}.Debug|Any CPU.Build.0 = Debug|Any CPU
		{68D26FDB-E119-49B8-A927-99D77F485F5B}.Release|Any CPU.ActiveCfg = Release|Any CPU
		{68D26FDB-E119-49B8-A927-99D77F485F5B}.Release|Any CPU.Build.0 = Release|Any CPU
	EndGlobalSection
	GlobalSection(SolutionProperties) = preSolution
		HideSolutionNode = FALSE
	EndGlobalSection
	GlobalSection(ExtensibilityGlobals) = postSolution
		SolutionGuid = {597B4EFB-8B58-488C-85ED-026FD42FB363}
	EndGlobalSection
EndGlobal
